{
  "object": {
    "pins": [
      {
        "package": "SwiftExtensionsPack",
        "repositoryURL": "https://github.com/nerzh/swift-extensions-pack.git",
        "state": {
          "branch": null,
          "revision": "42a1be361187f08d66a06349875d5e22fec0dcc1",
          "version": "0.5.7"
        }
      },
      {
        "package": "SwiftRegularExpression",
        "repositoryURL": "https://github.com/nerzh/swift-regular-expression.git",
        "state": {
          "branch": null,
          "revision": "19c3e569a8e81da6f7f4ee3b73028c25737d3706",
          "version": "0.2.4"
        }
      }
    ]
  },
  "version": 1
}
