{
  "object": {
    "pins": [
      {
        "package": "SwiftExtensionsPack",
        "repositoryURL": "https://github.com/nerzh/swift-extensions-pack.git",
        "state": {
          "branch": null,
          "revision": "42e001f566b753ffbf9757499ad08fe6674827b6",
          "version": "0.3.0"
        }
      }
    ]
  },
  "version": 1
}
