{
  "object": {
    "pins": [
      {
        "package": "SwiftExtensionsPack",
        "repositoryURL": "https://github.com/nerzh/swift-extensions-pack.git",
        "state": {
          "branch": null,
          "revision": "a7a28ec2a693d4873d21a2de8cdfad85ecb8d55f",
          "version": "0.2.5"
        }
      }
    ]
  },
  "version": 1
}
